
Microsoft Visual Studio Solution File, Format Version 12.00
# Visual Studio Version 16
VisualStudioVersion = 16.0.30002.166
MinimumVisualStudioVersion = 10.0.40219.1
Project("{8BC9CEB8-8B4A-11D0-8D11-00A0C91BC942}") = "Snakev2", "Snakev2\Snakev2.vcxproj", "{2243C52D-BF3E-401C-9ECA-9D53FF4AB4AD}"
EndProject
Global
	GlobalSection(SolutionConfigurationPlatforms) = preSolution
		Debug|x64 = Debug|x64
		Debug|x86 = Debug|x86
		Release|x64 = Release|x64
		Release|x86 = Release|x86
	EndGlobalSection
	GlobalSection(ProjectConfigurationPlatforms) = postSolution
		{2243C52D-BF3E-401C-9ECA-9D53FF4AB4AD}.Debug|x64.ActiveCfg = Debug|x64
		{2243C52D-BF3E-401C-9ECA-9D53FF4AB4AD}.Debug|x64.Build.0 = Debug|x64
		{2243C52D-BF3E-401C-9ECA-9D53FF4AB4AD}.Debug|x86.ActiveCfg = Debug|Win32
		{2243C52D-BF3E-401C-9ECA-9D53FF4AB4AD}.Debug|x86.Build.0 = Debug|Win32
		{2243C52D-BF3E-401C-9ECA-9D53FF4AB4AD}.Release|x64.ActiveCfg = Release|x64
		{2243C52D-BF3E-401C-9ECA-9D53FF4AB4AD}.Release|x64.Build.0 = Release|x64
		{2243C52D-BF3E-401C-9ECA-9D53FF4AB4AD}.Release|x86.ActiveCfg = Release|Win32
		{2243C52D-BF3E-401C-9ECA-9D53FF4AB4AD}.Release|x86.Build.0 = Release|Win32
	EndGlobalSection
	GlobalSection(SolutionProperties) = preSolution
		HideSolutionNode = FALSE
	EndGlobalSection
	GlobalSection(ExtensibilityGlobals) = postSolution
		SolutionGuid = {4AD1C60C-54C2-4209-AD79-F306EC208665}
	EndGlobalSection
EndGlobal
